
Microsoft Visual Studio Solution File, Format Version 12.00
# Visual Studio Version 16
VisualStudioVersion = 16.0.31702.278
MinimumVisualStudioVersion = 10.0.40219.1
Project("{9A19103F-16F7-4668-BE54-9A1E7A4F7556}") = "1. Reverse Strings", "1. Reverse Strings.csproj", "{080AE3A4-CDBC-4F75-80BF-57ECE58F8AFE}"
EndProject
Global
	GlobalSection(SolutionConfigurationPlatforms) = preSolution
		Debug|Any CPU = Debug|Any CPU
		Release|Any CPU = Release|Any CPU
	EndGlobalSection
	GlobalSection(ProjectConfigurationPlatforms) = postSolution
		{080AE3A4-CDBC-4F75-80BF-57ECE58F8AFE}.Debug|Any CPU.ActiveCfg = Debug|Any CPU
		{080AE3A4-CDBC-4F75-80BF-57ECE58F8AFE}.Debug|Any CPU.Build.0 = Debug|Any CPU
		{080AE3A4-CDBC-4F75-80BF-57ECE58F8AFE}.Release|Any CPU.ActiveCfg = Release|Any CPU
		{080AE3A4-CDBC-4F75-80BF-57ECE58F8AFE}.Release|Any CPU.Build.0 = Release|Any CPU
	EndGlobalSection
	GlobalSection(SolutionProperties) = preSolution
		HideSolutionNode = FALSE
	EndGlobalSection
	GlobalSection(ExtensibilityGlobals) = postSolution
		SolutionGuid = {1AD0EEDC-B348-4E72-B207-17684F91C011}
	EndGlobalSection
EndGlobal
