
Microsoft Visual Studio Solution File, Format Version 12.00
# Visual Studio Version 16
VisualStudioVersion = 16.0.31702.278
MinimumVisualStudioVersion = 10.0.40219.1
Project("{9A19103F-16F7-4668-BE54-9A1E7A4F7556}") = "01. Basic Stack Operations", "01. Basic Stack Operations.csproj", "{4A80A3C0-0A03-4CD8-8850-167D3B7D5326}"
EndProject
Project("{9A19103F-16F7-4668-BE54-9A1E7A4F7556}") = "02. Basic Queue Operations", "..\02. Basic Queue Operations\02. Basic Queue Operations.csproj", "{7302E88A-CF48-4C27-86A9-BD27103F0EC8}"
EndProject
Project("{9A19103F-16F7-4668-BE54-9A1E7A4F7556}") = "03. Maximum and Minimum Element", "..\03. Maximum and Minimum Element\03. Maximum and Minimum Element.csproj", "{D971B2D0-8C8C-4678-A24D-D9D06595A92A}"
EndProject
Project("{9A19103F-16F7-4668-BE54-9A1E7A4F7556}") = "04. Fast Food", "..\04. Fast Food\04. Fast Food.csproj", "{EE55C3C2-F16C-4F89-8D76-470E3C73FB06}"
EndProject
Project("{9A19103F-16F7-4668-BE54-9A1E7A4F7556}") = "05. Fashion Boutique", "..\05. Fashion Boutique\05. Fashion Boutique.csproj", "{5CC0C29F-12FC-466B-B21C-EC37765E8527}"
EndProject
Project("{9A19103F-16F7-4668-BE54-9A1E7A4F7556}") = "06. Songs Queue", "..\06. Songs Queue\06. Songs Queue.csproj", "{B936A690-0DF1-4D67-810D-EE0A837D275A}"
EndProject
Project("{9A19103F-16F7-4668-BE54-9A1E7A4F7556}") = "07. Truck Tour", "..\07. Truck Tour\07. Truck Tour.csproj", "{C2BD325E-7AA1-445A-AC4D-2D33F6B99E66}"
EndProject
Project("{9A19103F-16F7-4668-BE54-9A1E7A4F7556}") = "functionsAPF", "..\..\..\..\..\..\6.test-w3s\C#-DemoProjects\functionsAPF\functionsAPF.csproj", "{3FC7F054-6B62-463F-AFA8-D668628CEBC2}"
EndProject
Project("{9A19103F-16F7-4668-BE54-9A1E7A4F7556}") = "08. Balanced Parenthesis", "..\08. Balanced Parenthesis\08. Balanced Parenthesis.csproj", "{C01EDD3B-0405-4733-ADD7-CD93C85F0AE4}"
EndProject
Project("{FAE04EC0-301F-11D3-BF4B-00C04F79EFBC}") = "9. Simple Text Editor", "..\9. Simple Text Editor\9. Simple Text Editor.csproj", "{F31A8149-33D8-4DD9-BB8E-2EE376A8B631}"
EndProject
Global
	GlobalSection(SolutionConfigurationPlatforms) = preSolution
		Debug|Any CPU = Debug|Any CPU
		Release|Any CPU = Release|Any CPU
	EndGlobalSection
	GlobalSection(ProjectConfigurationPlatforms) = postSolution
		{4A80A3C0-0A03-4CD8-8850-167D3B7D5326}.Debug|Any CPU.ActiveCfg = Debug|Any CPU
		{4A80A3C0-0A03-4CD8-8850-167D3B7D5326}.Debug|Any CPU.Build.0 = Debug|Any CPU
		{4A80A3C0-0A03-4CD8-8850-167D3B7D5326}.Release|Any CPU.ActiveCfg = Release|Any CPU
		{4A80A3C0-0A03-4CD8-8850-167D3B7D5326}.Release|Any CPU.Build.0 = Release|Any CPU
		{7302E88A-CF48-4C27-86A9-BD27103F0EC8}.Debug|Any CPU.ActiveCfg = Debug|Any CPU
		{7302E88A-CF48-4C27-86A9-BD27103F0EC8}.Debug|Any CPU.Build.0 = Debug|Any CPU
		{7302E88A-CF48-4C27-86A9-BD27103F0EC8}.Release|Any CPU.ActiveCfg = Release|Any CPU
		{7302E88A-CF48-4C27-86A9-BD27103F0EC8}.Release|Any CPU.Build.0 = Release|Any CPU
		{D971B2D0-8C8C-4678-A24D-D9D06595A92A}.Debug|Any CPU.ActiveCfg = Debug|Any CPU
		{D971B2D0-8C8C-4678-A24D-D9D06595A92A}.Debug|Any CPU.Build.0 = Debug|Any CPU
		{D971B2D0-8C8C-4678-A24D-D9D06595A92A}.Release|Any CPU.ActiveCfg = Release|Any CPU
		{D971B2D0-8C8C-4678-A24D-D9D06595A92A}.Release|Any CPU.Build.0 = Release|Any CPU
		{EE55C3C2-F16C-4F89-8D76-470E3C73FB06}.Debug|Any CPU.ActiveCfg = Debug|Any CPU
		{EE55C3C2-F16C-4F89-8D76-470E3C73FB06}.Debug|Any CPU.Build.0 = Debug|Any CPU
		{EE55C3C2-F16C-4F89-8D76-470E3C73FB06}.Release|Any CPU.ActiveCfg = Release|Any CPU
		{EE55C3C2-F16C-4F89-8D76-470E3C73FB06}.Release|Any CPU.Build.0 = Release|Any CPU
		{5CC0C29F-12FC-466B-B21C-EC37765E8527}.Debug|Any CPU.ActiveCfg = Debug|Any CPU
		{5CC0C29F-12FC-466B-B21C-EC37765E8527}.Debug|Any CPU.Build.0 = Debug|Any CPU
		{5CC0C29F-12FC-466B-B21C-EC37765E8527}.Release|Any CPU.ActiveCfg = Release|Any CPU
		{5CC0C29F-12FC-466B-B21C-EC37765E8527}.Release|Any CPU.Build.0 = Release|Any CPU
		{B936A690-0DF1-4D67-810D-EE0A837D275A}.Debug|Any CPU.ActiveCfg = Debug|Any CPU
		{B936A690-0DF1-4D67-810D-EE0A837D275A}.Debug|Any CPU.Build.0 = Debug|Any CPU
		{B936A690-0DF1-4D67-810D-EE0A837D275A}.Release|Any CPU.ActiveCfg = Release|Any CPU
		{B936A690-0DF1-4D67-810D-EE0A837D275A}.Release|Any CPU.Build.0 = Release|Any CPU
		{C2BD325E-7AA1-445A-AC4D-2D33F6B99E66}.Debug|Any CPU.ActiveCfg = Debug|Any CPU
		{C2BD325E-7AA1-445A-AC4D-2D33F6B99E66}.Debug|Any CPU.Build.0 = Debug|Any CPU
		{C2BD325E-7AA1-445A-AC4D-2D33F6B99E66}.Release|Any CPU.ActiveCfg = Release|Any CPU
		{C2BD325E-7AA1-445A-AC4D-2D33F6B99E66}.Release|Any CPU.Build.0 = Release|Any CPU
		{3FC7F054-6B62-463F-AFA8-D668628CEBC2}.Debug|Any CPU.ActiveCfg = Debug|Any CPU
		{3FC7F054-6B62-463F-AFA8-D668628CEBC2}.Debug|Any CPU.Build.0 = Debug|Any CPU
		{3FC7F054-6B62-463F-AFA8-D668628CEBC2}.Release|Any CPU.ActiveCfg = Release|Any CPU
		{3FC7F054-6B62-463F-AFA8-D668628CEBC2}.Release|Any CPU.Build.0 = Release|Any CPU
		{C01EDD3B-0405-4733-ADD7-CD93C85F0AE4}.Debug|Any CPU.ActiveCfg = Debug|Any CPU
		{C01EDD3B-0405-4733-ADD7-CD93C85F0AE4}.Debug|Any CPU.Build.0 = Debug|Any CPU
		{C01EDD3B-0405-4733-ADD7-CD93C85F0AE4}.Release|Any CPU.ActiveCfg = Release|Any CPU
		{C01EDD3B-0405-4733-ADD7-CD93C85F0AE4}.Release|Any CPU.Build.0 = Release|Any CPU
		{F31A8149-33D8-4DD9-BB8E-2EE376A8B631}.Debug|Any CPU.ActiveCfg = Debug|Any CPU
		{F31A8149-33D8-4DD9-BB8E-2EE376A8B631}.Debug|Any CPU.Build.0 = Debug|Any CPU
		{F31A8149-33D8-4DD9-BB8E-2EE376A8B631}.Release|Any CPU.ActiveCfg = Release|Any CPU
		{F31A8149-33D8-4DD9-BB8E-2EE376A8B631}.Release|Any CPU.Build.0 = Release|Any CPU
	EndGlobalSection
	GlobalSection(SolutionProperties) = preSolution
		HideSolutionNode = FALSE
	EndGlobalSection
	GlobalSection(ExtensibilityGlobals) = postSolution
		SolutionGuid = {C6B50A9D-85F3-40C6-BECF-D615E6034D42}
	EndGlobalSection
EndGlobal
